github.com/rudderlabs/analytics-go v0.0.0-20200415152644-00069c0b3aec h1:8noZlwMnLEdGffadpq5r/YoT4V7jkpmgnQI/qmrSVu4=
github.com/rudderlabs/analytics-go v0.0.0-20200415152644-00069c0b3aec/go.mod h1:LeE27Re9DkS7oPShbg3DuPbVfqxjVv3H1ZHdHSXcHKw=
github.com/rudderlabs/analytics-go v0.0.0-20200415153024-747cbf5f5e7c h1:a+s6mVLe7erAGUiXcrQsEw/Q7hXDLxw0qBLy4ibn8ZI=
github.com/rudderlabs/analytics-go v0.0.0-20200415153024-747cbf5f5e7c/go.mod h1:LeE27Re9DkS7oPShbg3DuPbVfqxjVv3H1ZHdHSXcHKw=
github.com/rudderlabs/analytics-go v0.0.0-20200415153858-9ae782ef91f8 h1:Dsa29UjoM0QW7mNpt/pDvv7lCysu5D76VZp8powCiDc=
github.com/rudderlabs/analytics-go v0.0.0-20200415153858-9ae782ef91f8/go.mod h1:LeE27Re9DkS7oPShbg3DuPbVfqxjVv3H1ZHdHSXcHKw=
github.com/rudderlabs/analytics-go v0.0.0-20200415154608-b34ea0397265 h1:nX4Asg03bPZ1osSz39eF/7bAHBbO/ygXuyozO8HMwIE=
github.com/rudderlabs/analytics-go v0.0.0-20200415154608-b34ea0397265/go.mod h1:LeE27Re9DkS7oPShbg3DuPbVfqxjVv3H1ZHdHSXcHKw=
github.com/rudderlabs/analytics-go v3.1.0+incompatible h1:raJgBJMxxnCe9CWHL1zJq4rccap4yG7lvk4Fs6B7v+o=
github.com/rudderlabs/analytics-go v3.1.0+incompatible/go.mod h1:LF8/ty9kUX4PTY3l5c97K3nZZaX5Hwsvt+NBaRL/f30=
github.com/segmentio/backo-go v0.0.0-20160424052352-204274ad699c/go.mod h1:kJ9mm9YmoWSkk+oQ+5Cj8DEoRCX2JT6As4kEtIIOp1M=
github.com/segmentio/backo-go v0.0.0-20200129164019-23eae7c10bd3 h1:ZuhckGJ10ulaKkdvJtiAqsLTiPrLaXSdnVgXJKJkTxE=
github.com/segmentio/backo-go v0.0.0-20200129164019-23eae7c10bd3/go.mod h1:9/Rh6yILuLysoQnZ2oNooD2g7aBnvM7r/fNVxRNWfBc=
github.com/segmentio/conf v1.2.0/go.mod h1:Y3B9O/PqqWqjyxyWWseyj/quPEtMu1zDp/kVbSWWaB0=
github.com/segmentio/go-snakecase v1.1.0/go.mod h1:jk1miR5MS7Na32PZUykG89Arm+1BUSYhuGR6b7+hJto=
github.com/segmentio/objconv v1.0.1/go.mod h1:auayaH5k3137Cl4SoXTgrzQcuQDmvuVtZgS0fb1Ahys=
github.com/xtgo/uuid v0.0.0-20140804021211-a0b114877d4c h1:3lbZUMbMiGUW/LMkfsEABsc5zNT9+b1CvsJx47JzJ8g=
github.com/xtgo/uuid v0.0.0-20140804021211-a0b114877d4c/go.mod h1:UrdRz5enIKZ63MEE3IF9l2/ebyx59GyGgPi+tICQdmM=
gopkg.in/check.v1 v0.0.0-20161208181325-20d25e280405/go.mod h1:Co6ibVJAznAaIkqp8huTwlJQCZ016jof/cbN4VW5Yz0=
gopkg.in/go-playground/mold.v2 v2.2.0/go.mod h1:XMyyRsGtakkDPbxXbrA5VODo6bUXyvoDjLd5l3T0XoA=
gopkg.in/validator.v2 v2.0.0-20180514200540-135c24b11c19/go.mod h1:o4V0GXN9/CAmCsvJ0oXYZvrZOe7syiDZSN1GWGZTGzc=
gopkg.in/yaml.v2 v2.2.1/go.mod h1:hI93XBmqTisBFMUTm0b8Fm+jr3Dg1NNxqwp+5A1VGuI=
