# This file is autogenerated, do not edit; changes may be undone by the next 'dep ensure'.


[[projects]]
  digest = "1:932aa48a82654523f58abe261c890a6170ee19afd16edf80ab894826ac4fe650"
  name = "github.com/avast/retry-go"
  packages = ["."]
  pruneopts = "UT"
  revision = "48dfe711bb728e1c3c6a82ae93b07c3ab0750d4a"
  version = "v2.1.0"

[[projects]]
  digest = "1:9874425f935d8483b5fc9b7b2c6d7d57305521565899b9b498f7bdf413abc329"
  name = "github.com/aws/aws-sdk-go"
  packages = [
    "aws",
    "aws/awserr",
    "aws/awsutil",
    "aws/client",
    "aws/client/metadata",
    "aws/corehandlers",
    "aws/credentials",
    "aws/credentials/ec2rolecreds",
    "aws/credentials/endpointcreds",
    "aws/credentials/processcreds",
    "aws/credentials/stscreds",
    "aws/csm",
    "aws/defaults",
    "aws/ec2metadata",
    "aws/endpoints",
    "aws/request",
    "aws/session",
    "aws/signer/v4",
    "internal/ini",
    "internal/s3err",
    "internal/sdkio",
    "internal/sdkrand",
    "internal/sdkuri",
    "internal/shareddefaults",
    "private/protocol",
    "private/protocol/eventstream",
    "private/protocol/eventstream/eventstreamapi",
    "private/protocol/query",
    "private/protocol/query/queryutil",
    "private/protocol/rest",
    "private/protocol/restxml",
    "private/protocol/xml/xmlutil",
    "service/s3",
    "service/s3/s3iface",
    "service/s3/s3manager",
    "service/sts",
  ]
  pruneopts = "UT"
  revision = "f778816ebd8f4a83264c207c77e6bcd0a5a76603"
  version = "v1.19.1"

[[projects]]
  digest = "1:553f73a4171c265045ae4f5d3122429ecf2c9c0c232c91f336127fe45480104a"
  name = "github.com/cenkalti/backoff"
  packages = ["."]
  pruneopts = "UT"
  revision = "62661b46c4093e2c1f38d943e663db1a29873e80"
  version = "v2.1.0"

[[projects]]
  digest = "1:bb81097a5b62634f3e9fec1014657855610c82d19b9a40c17612e32651e35dca"
  name = "github.com/jmespath/go-jmespath"
  packages = ["."]
  pruneopts = "UT"
  revision = "c2b33e84"

[[projects]]
  branch = "master"
  digest = "1:d38f81081a389f1466ec98192cf9115a82158854d6f01e1c23e2e7554b97db71"
  name = "github.com/rcrowley/go-metrics"
  packages = ["."]
  pruneopts = "UT"
  revision = "3113b8401b8a98917cde58f8bbd42a1b1c03b1fd"

[[projects]]
  branch = "master"
  digest = "1:ec22607298efbafb122c4e4b2ca8ceb6c4ec1ba72e74705b84f9f2ce8ee77984"
  name = "github.com/segmentio/backo-go"
  packages = ["."]
  pruneopts = "UT"
  revision = "204274ad699c0983a70203a566887f17a717fef4"

[[projects]]
  digest = "1:99200fae8f08f08cb5021232dddf70adb35d860c10206c553401344fe2908a9c"
  name = "github.com/segmentio/conf"
  packages = ["."]
  pruneopts = "UT"
  revision = "a2a7fb2aaa3c99893d06150d50195c0be197f5d5"
  version = "1.0.0"

[[projects]]
  digest = "1:338c877d3e0136603b78a7c852cd120422e5787c6c2c5f338230ba2d9771af8f"
  name = "github.com/segmentio/go-snakecase"
  packages = ["."]
  pruneopts = "UT"
  revision = "3ecf343f213326f182b8477c337a2be66c9205b0"
  version = "v1.0.0"

[[projects]]
  digest = "1:329ee641534f22c5bb5ddb9e775ba2352268cec78f0eb810197047f85dc31bb1"
  name = "github.com/segmentio/objconv"
  packages = [
    ".",
    "adapters",
    "adapters/net",
    "adapters/net/mail",
    "adapters/net/url",
    "json",
    "objutil",
    "yaml",
  ]
  pruneopts = "UT"
  revision = "7a1d7b8e6f3551b30751e6b2ea6bae500883870e"
  version = "v1.0.1"

[[projects]]
  branch = "master"
  digest = "1:2f9538da7381bb981fb8451b2b0fb304c2bc7f1724228dc336a8f002e6fec704"
  name = "github.com/xtgo/uuid"
  packages = ["."]
  pruneopts = "UT"
  revision = "a0b114877d4caeffbd7f87e3757c17fce570fea7"

[[projects]]
  digest = "1:aa7ab4fd27851221e4153921472ef7e3c1b048eaacca8e87c73fb7a094250dd7"
  name = "github.com/zorkian/go-datadog-api"
  packages = ["."]
  pruneopts = "UT"
  revision = "f3f6d2f4859047aae0cac1ce3d16689608480fd9"
  version = "v2.18.0"

[[projects]]
  digest = "1:dad6cd59e8bb8d209194efbd3850b5d054384a63061671bfc2a6b2cc0929c731"
  name = "gopkg.in/go-playground/mold.v2"
  packages = [
    ".",
    "modifiers",
  ]
  pruneopts = "UT"
  revision = "6bc20ce40733e8e04c2fda4523a957dd8e198948"
  version = "v2.2.0"

[[projects]]
  branch = "v2"
  digest = "1:b6539350da50de0d3c9b83ae587c06b89be9cb5750443bdd887f1c4077f57776"
  name = "gopkg.in/validator.v2"
  packages = ["."]
  pruneopts = "UT"
  revision = "135c24b11c19e52befcae2ec3fca5d9b78c4e98e"

[[projects]]
  digest = "1:342378ac4dcb378a5448dd723f0784ae519383532f5e70ade24132c4c8693202"
  name = "gopkg.in/yaml.v2"
  packages = ["."]
  pruneopts = "UT"
  revision = "5420a8b6744d3b0345ab293f6fcba19c978f1183"
  version = "v2.2.1"

[solve-meta]
  analyzer-name = "dep"
  analyzer-version = 1
  input-imports = [
    "github.com/avast/retry-go",
    "github.com/aws/aws-sdk-go/aws/session",
    "github.com/aws/aws-sdk-go/service/s3/s3manager",
    "github.com/rcrowley/go-metrics",
    "github.com/segmentio/backo-go",
    "github.com/segmentio/conf",
    "github.com/xtgo/uuid",
    "github.com/zorkian/go-datadog-api",
  ]
  solver-name = "gps-cdcl"
  solver-version = 1
